
Microsoft Visual Studio Solution File, Format Version 12.00
# Visual Studio 2012
Project("{FAE04EC0-301F-11D3-BF4B-00C04F79EFBC}") = "TXTReader", "TXTReader\TXTReader.csproj", "{BF28FFDA-CDAE-4752-B1A5-1C11C7E43508}"
EndProject
Project("{FAE04EC0-301F-11D3-BF4B-00C04F79EFBC}") = "ManualUnitTest", "ManualUnitTest\ManualUnitTest.csproj", "{5A33D1A5-8383-4714-A921-7B901C4DF143}"
EndProject
Project("{F088123C-0E9E-452A-89E6-6BA2F21D5CAC}") = "TXTReaderUsercase", "TXTReaderUsercase\TXTReaderUsercase.modelproj", "{FCDF03F2-BF60-420E-AE42-36C1DB2A4F62}"
EndProject
Project("{FAE04EC0-301F-11D3-BF4B-00C04F79EFBC}") = "TXTReaderUAC", "TXTReaderUAC\TXTReaderUAC.csproj", "{C6DEC844-BD30-4C19-9A33-6FF52876C79D}"
EndProject
Project("{E24C65DC-7377-472B-9ABA-BC803B73C61A}") = "Help", "http://localhost:37882", "{7AF2228F-5044-4F1D-B021-3C0144502FE5}"
	ProjectSection(WebsiteProperties) = preProject
		UseIISExpress = "true"
		TargetFrameworkMoniker = ".NETFramework,Version%3Dv4.5"
		Debug.AspNetCompiler.VirtualPath = "/localhost_37882"
		Debug.AspNetCompiler.PhysicalPath = "Help\"
		Debug.AspNetCompiler.TargetPath = "PrecompiledWeb\localhost_37882\"
		Debug.AspNetCompiler.Updateable = "true"
		Debug.AspNetCompiler.ForceOverwrite = "true"
		Debug.AspNetCompiler.FixedNames = "false"
		Debug.AspNetCompiler.Debug = "True"
		Release.AspNetCompiler.VirtualPath = "/localhost_37882"
		Release.AspNetCompiler.PhysicalPath = "Help\"
		Release.AspNetCompiler.TargetPath = "PrecompiledWeb\localhost_37882\"
		Release.AspNetCompiler.Updateable = "true"
		Release.AspNetCompiler.ForceOverwrite = "true"
		Release.AspNetCompiler.FixedNames = "false"
		Release.AspNetCompiler.Debug = "False"
		SlnRelativePath = "Help\"
		DefaultWebSiteLanguage = "Visual C#"
	EndProjectSection
EndProject
Project("{FAE04EC0-301F-11D3-BF4B-00C04F79EFBC}") = "Zlib", "Zlib\Zlib.csproj", "{5E69DD93-A32E-41B5-BB82-003237969EDF}"
EndProject
Global
	GlobalSection(SolutionConfigurationPlatforms) = preSolution
		Debug|Any CPU = Debug|Any CPU
		Release|Any CPU = Release|Any CPU
	EndGlobalSection
	GlobalSection(ProjectConfigurationPlatforms) = postSolution
		{BF28FFDA-CDAE-4752-B1A5-1C11C7E43508}.Debug|Any CPU.ActiveCfg = Debug|Any CPU
		{BF28FFDA-CDAE-4752-B1A5-1C11C7E43508}.Debug|Any CPU.Build.0 = Debug|Any CPU
		{BF28FFDA-CDAE-4752-B1A5-1C11C7E43508}.Release|Any CPU.ActiveCfg = Release|Any CPU
		{BF28FFDA-CDAE-4752-B1A5-1C11C7E43508}.Release|Any CPU.Build.0 = Release|Any CPU
		{5A33D1A5-8383-4714-A921-7B901C4DF143}.Debug|Any CPU.ActiveCfg = Debug|Any CPU
		{5A33D1A5-8383-4714-A921-7B901C4DF143}.Debug|Any CPU.Build.0 = Debug|Any CPU
		{5A33D1A5-8383-4714-A921-7B901C4DF143}.Release|Any CPU.ActiveCfg = Release|Any CPU
		{5A33D1A5-8383-4714-A921-7B901C4DF143}.Release|Any CPU.Build.0 = Release|Any CPU
		{FCDF03F2-BF60-420E-AE42-36C1DB2A4F62}.Debug|Any CPU.ActiveCfg = Debug|Any CPU
		{FCDF03F2-BF60-420E-AE42-36C1DB2A4F62}.Debug|Any CPU.Build.0 = Debug|Any CPU
		{FCDF03F2-BF60-420E-AE42-36C1DB2A4F62}.Release|Any CPU.ActiveCfg = Release|Any CPU
		{FCDF03F2-BF60-420E-AE42-36C1DB2A4F62}.Release|Any CPU.Build.0 = Release|Any CPU
		{C6DEC844-BD30-4C19-9A33-6FF52876C79D}.Debug|Any CPU.ActiveCfg = Debug|Any CPU
		{C6DEC844-BD30-4C19-9A33-6FF52876C79D}.Debug|Any CPU.Build.0 = Debug|Any CPU
		{C6DEC844-BD30-4C19-9A33-6FF52876C79D}.Release|Any CPU.ActiveCfg = Release|Any CPU
		{C6DEC844-BD30-4C19-9A33-6FF52876C79D}.Release|Any CPU.Build.0 = Release|Any CPU
		{7AF2228F-5044-4F1D-B021-3C0144502FE5}.Debug|Any CPU.ActiveCfg = Debug|Any CPU
		{7AF2228F-5044-4F1D-B021-3C0144502FE5}.Debug|Any CPU.Build.0 = Debug|Any CPU
		{7AF2228F-5044-4F1D-B021-3C0144502FE5}.Release|Any CPU.ActiveCfg = Debug|Any CPU
		{7AF2228F-5044-4F1D-B021-3C0144502FE5}.Release|Any CPU.Build.0 = Debug|Any CPU
		{5E69DD93-A32E-41B5-BB82-003237969EDF}.Debug|Any CPU.ActiveCfg = Debug|Any CPU
		{5E69DD93-A32E-41B5-BB82-003237969EDF}.Debug|Any CPU.Build.0 = Debug|Any CPU
		{5E69DD93-A32E-41B5-BB82-003237969EDF}.Release|Any CPU.ActiveCfg = Release|Any CPU
		{5E69DD93-A32E-41B5-BB82-003237969EDF}.Release|Any CPU.Build.0 = Release|Any CPU
	EndGlobalSection
	GlobalSection(SolutionProperties) = preSolution
		HideSolutionNode = FALSE
	EndGlobalSection
EndGlobal
