
Microsoft Visual Studio Solution File, Format Version 12.00
# Visual Studio 2012
Project("{FAE04EC0-301F-11D3-BF4B-00C04F79EFBC}") = "TXTReader", "TXTReader\TXTReader.csproj", "{BF28FFDA-CDAE-4752-B1A5-1C11C7E43508}"
EndProject
Project("{FAE04EC0-301F-11D3-BF4B-00C04F79EFBC}") = "ManualUnitTest", "ManualUnitTest\ManualUnitTest.csproj", "{5A33D1A5-8383-4714-A921-7B901C4DF143}"
EndProject
Global
	GlobalSection(SolutionConfigurationPlatforms) = preSolution
		Debug|Any CPU = Debug|Any CPU
		Release|Any CPU = Release|Any CPU
	EndGlobalSection
	GlobalSection(ProjectConfigurationPlatforms) = postSolution
		{BF28FFDA-CDAE-4752-B1A5-1C11C7E43508}.Debug|Any CPU.ActiveCfg = Debug|Any CPU
		{BF28FFDA-CDAE-4752-B1A5-1C11C7E43508}.Debug|Any CPU.Build.0 = Debug|Any CPU
		{BF28FFDA-CDAE-4752-B1A5-1C11C7E43508}.Release|Any CPU.ActiveCfg = Release|Any CPU
		{BF28FFDA-CDAE-4752-B1A5-1C11C7E43508}.Release|Any CPU.Build.0 = Release|Any CPU
		{5A33D1A5-8383-4714-A921-7B901C4DF143}.Debug|Any CPU.ActiveCfg = Debug|Any CPU
		{5A33D1A5-8383-4714-A921-7B901C4DF143}.Debug|Any CPU.Build.0 = Debug|Any CPU
		{5A33D1A5-8383-4714-A921-7B901C4DF143}.Release|Any CPU.ActiveCfg = Release|Any CPU
		{5A33D1A5-8383-4714-A921-7B901C4DF143}.Release|Any CPU.Build.0 = Release|Any CPU
	EndGlobalSection
	GlobalSection(SolutionProperties) = preSolution
		HideSolutionNode = FALSE
	EndGlobalSection
EndGlobal
